
Microsoft Visual Studio Solution File, Format Version 12.00
# Visual Studio Version 16
VisualStudioVersion = 16.0.30406.217
MinimumVisualStudioVersion = 10.0.40219.1
Project("{FAE04EC0-301F-11D3-BF4B-00C04F79EFBC}") = "Variables", "Variables\Variables.csproj", "{552EF1A1-8DBE-4585-82EF-420AE7E180B1}"
EndProject
Global
	GlobalSection(SolutionConfigurationPlatforms) = preSolution
		Debug|Any CPU = Debug|Any CPU
		Release|Any CPU = Release|Any CPU
	EndGlobalSection
	GlobalSection(ProjectConfigurationPlatforms) = postSolution
		{552EF1A1-8DBE-4585-82EF-420AE7E180B1}.Debug|Any CPU.ActiveCfg = Debug|Any CPU
		{552EF1A1-8DBE-4585-82EF-420AE7E180B1}.Debug|Any CPU.Build.0 = Debug|Any CPU
		{552EF1A1-8DBE-4585-82EF-420AE7E180B1}.Release|Any CPU.ActiveCfg = Release|Any CPU
		{552EF1A1-8DBE-4585-82EF-420AE7E180B1}.Release|Any CPU.Build.0 = Release|Any CPU
	EndGlobalSection
	GlobalSection(SolutionProperties) = preSolution
		HideSolutionNode = FALSE
	EndGlobalSection
	GlobalSection(ExtensibilityGlobals) = postSolution
		SolutionGuid = {63DFC09B-6CBE-4826-B965-48681B90AB9D}
	EndGlobalSection
EndGlobal
